// !$*UTF8*$!
{
	archiveVersion = 1;
	classes = {
	};
	objectVersion = 55;
	objects = {

/* Begin PBXBuildFile section */
		2B20E7002752D507005916D3 /* AppDelegate.swift in Sources */ = {isa = PBXBuildFile; fileRef = 2B20E6FF2752D507005916D3 /* AppDelegate.swift */; };
		2B20E7042752D507005916D3 /* ViewController.swift in Sources */ = {isa = PBXBuildFile; fileRef = 2B20E7032752D507005916D3 /* ViewController.swift */; };
		2B20E7072752D507005916D3 /* Main.storyboard in Resources */ = {isa = PBXBuildFile; fileRef = 2B20E7052752D507005916D3 /* Main.storyboard */; };
		2B20E7092752D508005916D3 /* Assets.xcassets in Resources */ = {isa = PBXBuildFile; fileRef = 2B20E7082752D508005916D3 /* Assets.xcassets */; };
		2B20E70C2752D508005916D3 /* LaunchScreen.storyboard in Resources */ = {isa = PBXBuildFile; fileRef = 2B20E70A2752D508005916D3 /* LaunchScreen.storyboard */; };
		2B20E7172752D508005916D3 /* KLM_2_tTests.swift in Sources */ = {isa = PBXBuildFile; fileRef = 2B20E7162752D508005916D3 /* KLM_2_tTests.swift */; };
/* End PBXBuildFile section */

/* Begin PBXContainerItemProxy section */
		2B20E7132752D508005916D3 /* PBXContainerItemProxy */ = {
			isa = PBXContainerItemProxy;
			containerPortal = 2B20E6F42752D507005916D3 /* Project object */;
			proxyType = 1;
			remoteGlobalIDString = 2B20E6FB2752D507005916D3;
			remoteInfo = KLM_2_t;
		};
/* End PBXContainerItemProxy section */

/* Begin PBXFileReference section */
		2B20E6FC2752D507005916D3 /* KLM_2_t.app */ = {isa = PBXFileReference; explicitFileType = wrapper.application; includeInIndex = 0; path = KLM_2_t.app; sourceTree = BUILT_PRODUCTS_DIR; };
		2B20E6FF2752D507005916D3 /* AppDelegate.swift */ = {isa = PBXFileReference; lastKnownFileType = sourcecode.swift; path = AppDelegate.swift; sourceTree = "<group>"; };
		2B20E7032752D507005916D3 /* ViewController.swift */ = {isa = PBXFileReference; lastKnownFileType = sourcecode.swift; path = ViewController.swift; sourceTree = "<group>"; };
		2B20E7062752D507005916D3 /* Base */ = {isa = PBXFileReference; lastKnownFileType = file.storyboard; name = Base; path = Base.lproj/Main.storyboard; sourceTree = "<group>"; };
		2B20E7082752D508005916D3 /* Assets.xcassets */ = {isa = PBXFileReference; lastKnownFileType = folder.assetcatalog; path = Assets.xcassets; sourceTree = "<group>"; };
		2B20E70B2752D508005916D3 /* Base */ = {isa = PBXFileReference; lastKnownFileType = file.storyboard; name = Base; path = Base.lproj/LaunchScreen.storyboard; sourceTree = "<group>"; };
		2B20E70D2752D508005916D3 /* Info.plist */ = {isa = PBXFileReference; lastKnownFileType = text.plist.xml; path = Info.plist; sourceTree = "<group>"; };
		2B20E7122752D508005916D3 /* KLM_2_tTests.xctest */ = {isa = PBXFileReference; explicitFileType = wrapper.cfbundle; includeInIndex = 0; path = KLM_2_tTests.xctest; sourceTree = BUILT_PRODUCTS_DIR; };
		2B20E7162752D508005916D3 /* KLM_2_tTests.swift */ = {isa = PBXFileReference; lastKnownFileType = sourcecode.swift; path = KLM_2_tTests.swift; sourceTree = "<group>"; };
/* End PBXFileReference section */

/* Begin PBXFrameworksBuildPhase section */
		2B20E6F92752D507005916D3 /* Frameworks */ = {
			isa = PBXFrameworksBuildPhase;
			buildActionMask = 2147483647;
			files = (
			);
			runOnlyForDeploymentPostprocessing = 0;
		};
		2B20E70F2752D508005916D3 /* Frameworks */ = {
			isa = PBXFrameworksBuildPhase;
			buildActionMask = 2147483647;
			files = (
			);
			runOnlyForDeploymentPostprocessing = 0;
		};
/* End PBXFrameworksBuildPhase section */

/* Begin PBXGroup section */
		2B20E6F32752D507005916D3 = {
			isa = PBXGroup;
			children = (
				2B20E6FE2752D507005916D3 /* KLM_2_t */,
				2B20E7152752D508005916D3 /* KLM_2_tTests */,
				2B20E6FD2752D507005916D3 /* Products */,
			);
			sourceTree = "<group>";
		};
		2B20E6FD2752D507005916D3 /* Products */ = {
			isa = PBXGroup;
			children = (
				2B20E6FC2752D507005916D3 /* KLM_2_t.app */,
				2B20E7122752D508005916D3 /* KLM_2_tTests.xctest */,
			);
			name = Products;
			sourceTree = "<group>";
		};
		2B20E6FE2752D507005916D3 /* KLM_2_t */ = {
			isa = PBXGroup;
			children = (
				2B20E73327540942005916D3 /* App */,
				2B20E73827540982005916D3 /* Resources */,
				2B20E7412754099F005916D3 /* ViewControllers */,
			);
			path = KLM_2_t;
			sourceTree = "<group>";
		};
		2B20E7152752D508005916D3 /* KLM_2_tTests */ = {
			isa = PBXGroup;
			children = (
				2B20E7162752D508005916D3 /* KLM_2_tTests.swift */,
			);
			path = KLM_2_tTests;
			sourceTree = "<group>";
		};
		2B20E73327540942005916D3 /* App */ = {
			isa = PBXGroup;
			children = (
				2B20E6FF2752D507005916D3 /* AppDelegate.swift */,
				2B20E70D2752D508005916D3 /* Info.plist */,
			);
			path = App;
			sourceTree = "<group>";
		};
		2B20E73827540982005916D3 /* Resources */ = {
			isa = PBXGroup;
			children = (
				2B20E7052752D507005916D3 /* Main.storyboard */,
				2B20E7082752D508005916D3 /* Assets.xcassets */,
				2B20E70A2752D508005916D3 /* LaunchScreen.storyboard */,
			);
			path = Resources;
			sourceTree = "<group>";
		};
		2B20E7412754099F005916D3 /* ViewControllers */ = {
			isa = PBXGroup;
			children = (
				2B20E7032752D507005916D3 /* ViewController.swift */,
			);
			path = ViewControllers;
			sourceTree = "<group>";
		};
/* End PBXGroup section */

/* Begin PBXNativeTarget section */
		2B20E6FB2752D507005916D3 /* KLM_2_t */ = {
			isa = PBXNativeTarget;
			buildConfigurationList = 2B20E7262752D508005916D3 /* Build configuration list for PBXNativeTarget "KLM_2_t" */;
			buildPhases = (
				2B20E6F82752D507005916D3 /* Sources */,
				2B20E6F92752D507005916D3 /* Frameworks */,
				2B20E6FA2752D507005916D3 /* Resources */,
			);
			buildRules = (
			);
			dependencies = (
			);
			name = KLM_2_t;
			productName = KLM_2_t;
			productReference = 2B20E6FC2752D507005916D3 /* KLM_2_t.app */;
			productType = "com.apple.product-type.application";
		};
		2B20E7112752D508005916D3 /* KLM_2_tTests */ = {
			isa = PBXNativeTarget;
			buildConfigurationList = 2B20E7292752D508005916D3 /* Build configuration list for PBXNativeTarget "KLM_2_tTests" */;
			buildPhases = (
				2B20E70E2752D508005916D3 /* Sources */,
				2B20E70F2752D508005916D3 /* Frameworks */,
				2B20E7102752D508005916D3 /* Resources */,
			);
			buildRules = (
			);
			dependencies = (
				2B20E7142752D508005916D3 /* PBXTargetDependency */,
			);
			name = KLM_2_tTests;
			productName = KLM_2_tTests;
			productReference = 2B20E7122752D508005916D3 /* KLM_2_tTests.xctest */;
			productType = "com.apple.product-type.bundle.unit-test";
		};
/* End PBXNativeTarget section */

/* Begin PBXProject section */
		2B20E6F42752D507005916D3 /* Project object */ = {
			isa = PBXProject;
			attributes = {
				BuildIndependentTargetsInParallel = 1;
				LastSwiftUpdateCheck = 1310;
				LastUpgradeCheck = 1310;
				TargetAttributes = {
					2B20E6FB2752D507005916D3 = {
						CreatedOnToolsVersion = 13.1;
					};
					2B20E7112752D508005916D3 = {
						CreatedOnToolsVersion = 13.1;
						TestTargetID = 2B20E6FB2752D507005916D3;
					};
				};
			};
			buildConfigurationList = 2B20E6F72752D507005916D3 /* Build configuration list for PBXProject "KLM_2_t" */;
			compatibilityVersion = "Xcode 13.0";
			developmentRegion = en;
			hasScannedForEncodings = 0;
			knownRegions = (
				en,
				Base,
			);
			mainGroup = 2B20E6F32752D507005916D3;
			productRefGroup = 2B20E6FD2752D507005916D3 /* Products */;
			projectDirPath = "";
			projectRoot = "";
			targets = (
				2B20E6FB2752D507005916D3 /* KLM_2_t */,
				2B20E7112752D508005916D3 /* KLM_2_tTests */,
			);
		};
/* End PBXProject section */

/* Begin PBXResourcesBuildPhase section */
		2B20E6FA2752D507005916D3 /* Resources */ = {
			isa = PBXResourcesBuildPhase;
			buildActionMask = 2147483647;
			files = (
				2B20E70C2752D508005916D3 /* LaunchScreen.storyboard in Resources */,
				2B20E7092752D508005916D3 /* Assets.xcassets in Resources */,
				2B20E7072752D507005916D3 /* Main.storyboard in Resources */,
			);
			runOnlyForDeploymentPostprocessing = 0;
		};
		2B20E7102752D508005916D3 /* Resources */ = {
			isa = PBXResourcesBuildPhase;
			buildActionMask = 2147483647;
			files = (
			);
			runOnlyForDeploymentPostprocessing = 0;
		};
/* End PBXResourcesBuildPhase section */

/* Begin PBXSourcesBuildPhase section */
		2B20E6F82752D507005916D3 /* Sources */ = {
			isa = PBXSourcesBuildPhase;
			buildActionMask = 2147483647;
			files = (
				2B20E7042752D507005916D3 /* ViewController.swift in Sources */,
				2B20E7002752D507005916D3 /* AppDelegate.swift in Sources */,
			);
			runOnlyForDeploymentPostprocessing = 0;
		};
		2B20E70E2752D508005916D3 /* Sources */ = {
			isa = PBXSourcesBuildPhase;
			buildActionMask = 2147483647;
			files = (
				2B20E7172752D508005916D3 /* KLM_2_tTests.swift in Sources */,
			);
			runOnlyForDeploymentPostprocessing = 0;
		};
/* End PBXSourcesBuildPhase section */

/* Begin PBXTargetDependency section */
		2B20E7142752D508005916D3 /* PBXTargetDependency */ = {
			isa = PBXTargetDependency;
			target = 2B20E6FB2752D507005916D3 /* KLM_2_t */;
			targetProxy = 2B20E7132752D508005916D3 /* PBXContainerItemProxy */;
		};
/* End PBXTargetDependency section */

/* Begin PBXVariantGroup section */
		2B20E7052752D507005916D3 /* Main.storyboard */ = {
			isa = PBXVariantGroup;
			children = (
				2B20E7062752D507005916D3 /* Base */,
			);
			name = Main.storyboard;
			sourceTree = "<group>";
		};
		2B20E70A2752D508005916D3 /* LaunchScreen.storyboard */ = {
			isa = PBXVariantGroup;
			children = (
				2B20E70B2752D508005916D3 /* Base */,
			);
			name = LaunchScreen.storyboard;
			sourceTree = "<group>";
		};
/* End PBXVariantGroup section */

/* Begin XCBuildConfiguration section */
		2B20E7242752D508005916D3 /* Debug */ = {
			isa = XCBuildConfiguration;
			buildSettings = {
				ALWAYS_SEARCH_USER_PATHS = NO;
				CLANG_ANALYZER_NONNULL = YES;
				CLANG_ANALYZER_NUMBER_OBJECT_CONVERSION = YES_AGGRESSIVE;
				CLANG_CXX_LANGUAGE_STANDARD = "gnu++17";
				CLANG_CXX_LIBRARY = "libc++";
				CLANG_ENABLE_MODULES = YES;
				CLANG_ENABLE_OBJC_ARC = YES;
				CLANG_ENABLE_OBJC_WEAK = YES;
				CLANG_WARN_BLOCK_CAPTURE_AUTORELEASING = YES;
				CLANG_WARN_BOOL_CONVERSION = YES;
				CLANG_WARN_COMMA = YES;
				CLANG_WARN_CONSTANT_CONVERSION = YES;
				CLANG_WARN_DEPRECATED_OBJC_IMPLEMENTATIONS = YES;
				CLANG_WARN_DIRECT_OBJC_ISA_USAGE = YES_ERROR;
				CLANG_WARN_DOCUMENTATION_COMMENTS = YES;
				CLANG_WARN_EMPTY_BODY = YES;
				CLANG_WARN_ENUM_CONVERSION = YES;
				CLANG_WARN_INFINITE_RECURSION = YES;
				CLANG_WARN_INT_CONVERSION = YES;
				CLANG_WARN_NON_LITERAL_NULL_CONVERSION = YES;
				CLANG_WARN_OBJC_IMPLICIT_RETAIN_SELF = YES;
				CLANG_WARN_OBJC_LITERAL_CONVERSION = YES;
				CLANG_WARN_OBJC_ROOT_CLASS = YES_ERROR;
				CLANG_WARN_QUOTED_INCLUDE_IN_FRAMEWORK_HEADER = YES;
				CLANG_WARN_RANGE_LOOP_ANALYSIS = YES;
				CLANG_WARN_STRICT_PROTOTYPES = YES;
				CLANG_WARN_SUSPICIOUS_MOVE = YES;
				CLANG_WARN_UNGUARDED_AVAILABILITY = YES_AGGRESSIVE;
				CLANG_WARN_UNREACHABLE_CODE = YES;
				CLANG_WARN__DUPLICATE_METHOD_MATCH = YES;
				COPY_PHASE_STRIP = NO;
				DEBUG_INFORMATION_FORMAT = dwarf;
				ENABLE_STRICT_OBJC_MSGSEND = YES;
				ENABLE_TESTABILITY = YES;
				GCC_C_LANGUAGE_STANDARD = gnu11;
				GCC_DYNAMIC_NO_PIC = NO;
				GCC_NO_COMMON_BLOCKS = YES;
				GCC_OPTIMIZATION_LEVEL = 0;
				GCC_PREPROCESSOR_DEFINITIONS = (
					"DEBUG=1",
					"$(inherited)",
				);
				GCC_WARN_64_TO_32_BIT_CONVERSION = YES;
				GCC_WARN_ABOUT_RETURN_TYPE = YES_ERROR;
				GCC_WARN_UNDECLARED_SELECTOR = YES;
				GCC_WARN_UNINITIALIZED_AUTOS = YES_AGGRESSIVE;
				GCC_WARN_UNUSED_FUNCTION = YES;
				GCC_WARN_UNUSED_VARIABLE = YES;
				IPHONEOS_DEPLOYMENT_TARGET = 15.0;
				MTL_ENABLE_DEBUG_INFO = INCLUDE_SOURCE;
				MTL_FAST_MATH = YES;
				ONLY_ACTIVE_ARCH = YES;
				SDKROOT = iphoneos;
				SWIFT_ACTIVE_COMPILATION_CONDITIONS = DEBUG;
				SWIFT_OPTIMIZATION_LEVEL = "-Onone";
			};
			name = Debug;
		};
		2B20E7252752D508005916D3 /* Release */ = {
			isa = XCBuildConfiguration;
			buildSettings = {
				ALWAYS_SEARCH_USER_PATHS = NO;
				CLANG_ANALYZER_NONNULL = YES;
				CLANG_ANALYZER_NUMBER_OBJECT_CONVERSION = YES_AGGRESSIVE;
				CLANG_CXX_LANGUAGE_STANDARD = "gnu++17";
				CLANG_CXX_LIBRARY = "libc++";
				CLANG_ENABLE_MODULES = YES;
				CLANG_ENABLE_OBJC_ARC = YES;
				CLANG_ENABLE_OBJC_WEAK = YES;
				CLANG_WARN_BLOCK_CAPTURE_AUTORELEASING = YES;
				CLANG_WARN_BOOL_CONVERSION = YES;
				CLANG_WARN_COMMA = YES;
				CLANG_WARN_CONSTANT_CONVERSION = YES;
				CLANG_WARN_DEPRECATED_OBJC_IMPLEMENTATIONS = YES;
				CLANG_WARN_DIRECT_OBJC_ISA_USAGE = YES_ERROR;
				CLANG_WARN_DOCUMENTATION_COMMENTS = YES;
				CLANG_WARN_EMPTY_BODY = YES;
				CLANG_WARN_ENUM_CONVERSION = YES;
				CLANG_WARN_INFINITE_RECURSION = YES;
				CLANG_WARN_INT_CONVERSION = YES;
				CLANG_WARN_NON_LITERAL_NULL_CONVERSION = YES;
				CLANG_WARN_OBJC_IMPLICIT_RETAIN_SELF = YES;
				CLANG_WARN_OBJC_LITERAL_CONVERSION = YES;
				CLANG_WARN_OBJC_ROOT_CLASS = YES_ERROR;
				CLANG_WARN_QUOTED_INCLUDE_IN_FRAMEWORK_HEADER = YES;
				CLANG_WARN_RANGE_LOOP_ANALYSIS = YES;
				CLANG_WARN_STRICT_PROTOTYPES = YES;
				CLANG_WARN_SUSPICIOUS_MOVE = YES;
				CLANG_WARN_UNGUARDED_AVAILABILITY = YES_AGGRESSIVE;
				CLANG_WARN_UNREACHABLE_CODE = YES;
				CLANG_WARN__DUPLICATE_METHOD_MATCH = YES;
				COPY_PHASE_STRIP = NO;
				DEBUG_INFORMATION_FORMAT = "dwarf-with-dsym";
				ENABLE_NS_ASSERTIONS = NO;
				ENABLE_STRICT_OBJC_MSGSEND = YES;
				GCC_C_LANGUAGE_STANDARD = gnu11;
				GCC_NO_COMMON_BLOCKS = YES;
				GCC_WARN_64_TO_32_BIT_CONVERSION = YES;
				GCC_WARN_ABOUT_RETURN_TYPE = YES_ERROR;
				GCC_WARN_UNDECLARED_SELECTOR = YES;
				GCC_WARN_UNINITIALIZED_AUTOS = YES_AGGRESSIVE;
				GCC_WARN_UNUSED_FUNCTION = YES;
				GCC_WARN_UNUSED_VARIABLE = YES;
				IPHONEOS_DEPLOYMENT_TARGET = 15.0;
				MTL_ENABLE_DEBUG_INFO = NO;
				MTL_FAST_MATH = YES;
				SDKROOT = iphoneos;
				SWIFT_COMPILATION_MODE = wholemodule;
				SWIFT_OPTIMIZATION_LEVEL = "-O";
				VALIDATE_PRODUCT = YES;
			};
			name = Release;
		};
		2B20E7272752D508005916D3 /* Debug */ = {
			isa = XCBuildConfiguration;
			buildSettings = {
				ASSETCATALOG_COMPILER_APPICON_NAME = AppIcon;
				ASSETCATALOG_COMPILER_GLOBAL_ACCENT_COLOR_NAME = AccentColor;
				CODE_SIGN_STYLE = Automatic;
				CURRENT_PROJECT_VERSION = 1;
				DEVELOPMENT_TEAM = G5ZMJZYMZX;
				GENERATE_INFOPLIST_FILE = YES;
				INFOPLIST_FILE = KLM_2_t/App/Info.plist;
				INFOPLIST_KEY_UIApplicationSupportsIndirectInputEvents = YES;
				INFOPLIST_KEY_UILaunchStoryboardName = LaunchScreen;
				INFOPLIST_KEY_UIMainStoryboardFile = Main;
				INFOPLIST_KEY_UISupportedInterfaceOrientations_iPad = "UIInterfaceOrientationPortrait UIInterfaceOrientationPortraitUpsideDown UIInterfaceOrientationLandscapeLeft UIInterfaceOrientationLandscapeRight";
				INFOPLIST_KEY_UISupportedInterfaceOrientations_iPhone = "UIInterfaceOrientationPortrait UIInterfaceOrientationLandscapeLeft UIInterfaceOrientationLandscapeRight";
				LD_RUNPATH_SEARCH_PATHS = (
					"$(inherited)",
					"@executable_path/Frameworks",
				);
				MARKETING_VERSION = 1.0;
				PRODUCT_BUNDLE_IDENTIFIER = "com.viva.paja.KLM-2-t";
				PRODUCT_NAME = "$(TARGET_NAME)";
				SWIFT_EMIT_LOC_STRINGS = YES;
				SWIFT_VERSION = 5.0;
				TARGETED_DEVICE_FAMILY = "1,2";
			};
			name = Debug;
		};
		2B20E7282752D508005916D3 /* Release */ = {
			isa = XCBuildConfiguration;
			buildSettings = {
				ASSETCATALOG_COMPILER_APPICON_NAME = AppIcon;
				ASSETCATALOG_COMPILER_GLOBAL_ACCENT_COLOR_NAME = AccentColor;
				CODE_SIGN_STYLE = Automatic;
				CURRENT_PROJECT_VERSION = 1;
				DEVELOPMENT_TEAM = G5ZMJZYMZX;
				GENERATE_INFOPLIST_FILE = YES;
				INFOPLIST_FILE = KLM_2_t/App/Info.plist;
				INFOPLIST_KEY_UIApplicationSupportsIndirectInputEvents = YES;
				INFOPLIST_KEY_UILaunchStoryboardName = LaunchScreen;
				INFOPLIST_KEY_UIMainStoryboardFile = Main;
				INFOPLIST_KEY_UISupportedInterfaceOrientations_iPad = "UIInterfaceOrientationPortrait UIInterfaceOrientationPortraitUpsideDown UIInterfaceOrientationLandscapeLeft UIInterfaceOrientationLandscapeRight";
				INFOPLIST_KEY_UISupportedInterfaceOrientations_iPhone = "UIInterfaceOrientationPortrait UIInterfaceOrientationLandscapeLeft UIInterfaceOrientationLandscapeRight";
				LD_RUNPATH_SEARCH_PATHS = (
					"$(inherited)",
					"@executable_path/Frameworks",
				);
				MARKETING_VERSION = 1.0;
				PRODUCT_BUNDLE_IDENTIFIER = "com.viva.paja.KLM-2-t";
				PRODUCT_NAME = "$(TARGET_NAME)";
				SWIFT_EMIT_LOC_STRINGS = YES;
				SWIFT_VERSION = 5.0;
				TARGETED_DEVICE_FAMILY = "1,2";
			};
			name = Release;
		};
		2B20E72A2752D508005916D3 /* Debug */ = {
			isa = XCBuildConfiguration;
			buildSettings = {
				ALWAYS_EMBED_SWIFT_STANDARD_LIBRARIES = YES;
				BUNDLE_LOADER = "$(TEST_HOST)";
				CODE_SIGN_STYLE = Automatic;
				CURRENT_PROJECT_VERSION = 1;
				DEVELOPMENT_TEAM = G5ZMJZYMZX;
				GENERATE_INFOPLIST_FILE = YES;
				IPHONEOS_DEPLOYMENT_TARGET = 15.0;
				LD_RUNPATH_SEARCH_PATHS = (
					"$(inherited)",
					"@executable_path/Frameworks",
					"@loader_path/Frameworks",
				);
				MARKETING_VERSION = 1.0;
				PRODUCT_BUNDLE_IDENTIFIER = "com.viva.paja.KLM-2-tTests";
				PRODUCT_NAME = "$(TARGET_NAME)";
				SWIFT_EMIT_LOC_STRINGS = NO;
				SWIFT_VERSION = 5.0;
				TARGETED_DEVICE_FAMILY = "1,2";
				TEST_HOST = "$(BUILT_PRODUCTS_DIR)/KLM_2_t.app/KLM_2_t";
			};
			name = Debug;
		};
		2B20E72B2752D508005916D3 /* Release */ = {
			isa = XCBuildConfiguration;
			buildSettings = {
				ALWAYS_EMBED_SWIFT_STANDARD_LIBRARIES = YES;
				BUNDLE_LOADER = "$(TEST_HOST)";
				CODE_SIGN_STYLE = Automatic;
				CURRENT_PROJECT_VERSION = 1;
				DEVELOPMENT_TEAM = G5ZMJZYMZX;
				GENERATE_INFOPLIST_FILE = YES;
				IPHONEOS_DEPLOYMENT_TARGET = 15.0;
				LD_RUNPATH_SEARCH_PATHS = (
					"$(inherited)",
					"@executable_path/Frameworks",
					"@loader_path/Frameworks",
				);
				MARKETING_VERSION = 1.0;
				PRODUCT_BUNDLE_IDENTIFIER = "com.viva.paja.KLM-2-tTests";
				PRODUCT_NAME = "$(TARGET_NAME)";
				SWIFT_EMIT_LOC_STRINGS = NO;
				SWIFT_VERSION = 5.0;
				TARGETED_DEVICE_FAMILY = "1,2";
				TEST_HOST = "$(BUILT_PRODUCTS_DIR)/KLM_2_t.app/KLM_2_t";
			};
			name = Release;
		};
/* End XCBuildConfiguration section */

/* Begin XCConfigurationList section */
		2B20E6F72752D507005916D3 /* Build configuration list for PBXProject "KLM_2_t" */ = {
			isa = XCConfigurationList;
			buildConfigurations = (
				2B20E7242752D508005916D3 /* Debug */,
				2B20E7252752D508005916D3 /* Release */,
			);
			defaultConfigurationIsVisible = 0;
			defaultConfigurationName = Release;
		};
		2B20E7262752D508005916D3 /* Build configuration list for PBXNativeTarget "KLM_2_t" */ = {
			isa = XCConfigurationList;
			buildConfigurations = (
				2B20E7272752D508005916D3 /* Debug */,
				2B20E7282752D508005916D3 /* Release */,
			);
			defaultConfigurationIsVisible = 0;
			defaultConfigurationName = Release;
		};
		2B20E7292752D508005916D3 /* Build configuration list for PBXNativeTarget "KLM_2_tTests" */ = {
			isa = XCConfigurationList;
			buildConfigurations = (
				2B20E72A2752D508005916D3 /* Debug */,
				2B20E72B2752D508005916D3 /* Release */,
			);
			defaultConfigurationIsVisible = 0;
			defaultConfigurationName = Release;
		};
/* End XCConfigurationList section */
	};
	rootObject = 2B20E6F42752D507005916D3 /* Project object */;
}
